
Microsoft Visual Studio Solution File, Format Version 12.00
# Visual Studio Version 16
VisualStudioVersion = 16.0.29006.145
MinimumVisualStudioVersion = 10.0.40219.1
Project("{2150E333-8FDC-42A3-9474-1A3956D46DE8}") = "Web", "Web", "{E389DEB6-5F90-444B-A054-12A10D39C76F}"
EndProject
Project("{9A19103F-16F7-4668-BE54-9A1E7A4F7556}") = "CarRental.Web", "Web\CarRental.Web\CarRental.Web.csproj", "{B90D1067-FE4C-400E-BA78-5413E30AB9ED}"
EndProject
Project("{2150E333-8FDC-42A3-9474-1A3956D46DE8}") = "Data", "Data", "{ACBE44C4-E198-45E2-BA02-6655250A0006}"
EndProject
Project("{2150E333-8FDC-42A3-9474-1A3956D46DE8}") = "Services", "Services", "{516E002B-9E6E-4456-B7F6-EAA353966DE6}"
EndProject
Project("{2150E333-8FDC-42A3-9474-1A3956D46DE8}") = "Tests", "Tests", "{7A731632-6714-44E2-A9E4-069EBA9E666C}"
EndProject
Project("{9A19103F-16F7-4668-BE54-9A1E7A4F7556}") = "CarRental.Services.Messaging", "Services\CarRental.Services.Messaging\CarRental.Services.Messaging.csproj", "{43FDC0C4-F250-45DE-93F8-3CA8A9247CC9}"
EndProject
Project("{9A19103F-16F7-4668-BE54-9A1E7A4F7556}") = "CarRental.Data", "Data\CarRental.Data\CarRental.Data.csproj", "{4B844ECB-E845-49A6-8B31-85E577933598}"
EndProject
Project("{9A19103F-16F7-4668-BE54-9A1E7A4F7556}") = "CarRental.Data.Common", "Data\CarRental.Data.Common\CarRental.Data.Common.csproj", "{D0D59508-CF8B-4656-A344-396C530BB9DF}"
EndProject
Project("{9A19103F-16F7-4668-BE54-9A1E7A4F7556}") = "CarRental.Common", "CarRental.Common\CarRental.Common.csproj", "{A2288C46-0FBF-43B6-80B6-3072FD65BC32}"
EndProject
Project("{9A19103F-16F7-4668-BE54-9A1E7A4F7556}") = "CarRental.Web.Infrastructure", "Web\CarRental.Web.Infrastructure\CarRental.Web.Infrastructure.csproj", "{7A7A7986-1F5B-4EBD-9B17-8B41F8FABA58}"
EndProject
Project("{9A19103F-16F7-4668-BE54-9A1E7A4F7556}") = "CarRental.Services.Data", "Services\CarRental.Services.Data\CarRental.Services.Data.csproj", "{4D39C126-3FB5-4B26-B08C-1BF48EFFA23E}"
EndProject
Project("{9A19103F-16F7-4668-BE54-9A1E7A4F7556}") = "CarRental.Services.Mapping", "Services\CarRental.Services.Mapping\CarRental.Services.Mapping.csproj", "{415FD7FA-0453-4FE1-9A29-C6E1D8B45C3D}"
EndProject
Project("{9A19103F-16F7-4668-BE54-9A1E7A4F7556}") = "Sandbox", "Tests\Sandbox\Sandbox.csproj", "{8AB6B92A-0837-4BDE-B950-10BE3FF2B6A8}"
EndProject
Project("{9A19103F-16F7-4668-BE54-9A1E7A4F7556}") = "CarRental.Services.Data.Tests", "Tests\CarRental.Services.Data.Tests\CarRental.Services.Data.Tests.csproj", "{901AB2DA-6E52-4FB2-91F0-58EB0115F2F7}"
EndProject
Project("{9A19103F-16F7-4668-BE54-9A1E7A4F7556}") = "CarRental.Web.Tests", "Tests\CarRental.Web.Tests\CarRental.Web.Tests.csproj", "{3EE06C6E-C8F3-418A-A309-8AC81976A074}"
EndProject
Project("{9A19103F-16F7-4668-BE54-9A1E7A4F7556}") = "CarRental.Web.ViewModels", "Web\CarRental.Web.ViewModels\CarRental.Web.ViewModels.csproj", "{13B7AACB-9C85-4409-8D4B-95A67D0DFFF7}"
EndProject
Project("{2150E333-8FDC-42A3-9474-1A3956D46DE8}") = "Models", "Models", "{95933EE5-62C1-4E86-A14C-A5B9F4CCC8E6}"
EndProject
Project("{9A19103F-16F7-4668-BE54-9A1E7A4F7556}") = "CarRental.Models", "Models\CarRental.Models\CarRental.Models.csproj", "{050B8221-19D7-4631-A48B-072F2C5EE4F1}"
EndProject
Project("{9A19103F-16F7-4668-BE54-9A1E7A4F7556}") = "CarRental.Services", "Services\CarRental.Services\CarRental.Services\CarRental.Services.csproj", "{B8A456F5-A9BE-4579-842D-CC893BACED05}"
EndProject
Project("{FAE04EC0-301F-11D3-BF4B-00C04F79EFBC}") = "CarRental.DTOs", "Models\CarRental.DTOs\CarRental.DTOs.csproj", "{B0E6A8C1-4463-4698-9263-67C66BA9A8D3}"
EndProject
Global
	GlobalSection(SolutionConfigurationPlatforms) = preSolution
		Debug|Any CPU = Debug|Any CPU
		Release|Any CPU = Release|Any CPU
	EndGlobalSection
	GlobalSection(ProjectConfigurationPlatforms) = postSolution
		{B90D1067-FE4C-400E-BA78-5413E30AB9ED}.Debug|Any CPU.ActiveCfg = Debug|Any CPU
		{B90D1067-FE4C-400E-BA78-5413E30AB9ED}.Debug|Any CPU.Build.0 = Debug|Any CPU
		{B90D1067-FE4C-400E-BA78-5413E30AB9ED}.Release|Any CPU.ActiveCfg = Release|Any CPU
		{B90D1067-FE4C-400E-BA78-5413E30AB9ED}.Release|Any CPU.Build.0 = Release|Any CPU
		{43FDC0C4-F250-45DE-93F8-3CA8A9247CC9}.Debug|Any CPU.ActiveCfg = Debug|Any CPU
		{43FDC0C4-F250-45DE-93F8-3CA8A9247CC9}.Debug|Any CPU.Build.0 = Debug|Any CPU
		{43FDC0C4-F250-45DE-93F8-3CA8A9247CC9}.Release|Any CPU.ActiveCfg = Release|Any CPU
		{43FDC0C4-F250-45DE-93F8-3CA8A9247CC9}.Release|Any CPU.Build.0 = Release|Any CPU
		{4B844ECB-E845-49A6-8B31-85E577933598}.Debug|Any CPU.ActiveCfg = Debug|Any CPU
		{4B844ECB-E845-49A6-8B31-85E577933598}.Debug|Any CPU.Build.0 = Debug|Any CPU
		{4B844ECB-E845-49A6-8B31-85E577933598}.Release|Any CPU.ActiveCfg = Release|Any CPU
		{4B844ECB-E845-49A6-8B31-85E577933598}.Release|Any CPU.Build.0 = Release|Any CPU
		{D0D59508-CF8B-4656-A344-396C530BB9DF}.Debug|Any CPU.ActiveCfg = Debug|Any CPU
		{D0D59508-CF8B-4656-A344-396C530BB9DF}.Debug|Any CPU.Build.0 = Debug|Any CPU
		{D0D59508-CF8B-4656-A344-396C530BB9DF}.Release|Any CPU.ActiveCfg = Release|Any CPU
		{D0D59508-CF8B-4656-A344-396C530BB9DF}.Release|Any CPU.Build.0 = Release|Any CPU
		{A2288C46-0FBF-43B6-80B6-3072FD65BC32}.Debug|Any CPU.ActiveCfg = Debug|Any CPU
		{A2288C46-0FBF-43B6-80B6-3072FD65BC32}.Debug|Any CPU.Build.0 = Debug|Any CPU
		{A2288C46-0FBF-43B6-80B6-3072FD65BC32}.Release|Any CPU.ActiveCfg = Release|Any CPU
		{A2288C46-0FBF-43B6-80B6-3072FD65BC32}.Release|Any CPU.Build.0 = Release|Any CPU
		{7A7A7986-1F5B-4EBD-9B17-8B41F8FABA58}.Debug|Any CPU.ActiveCfg = Debug|Any CPU
		{7A7A7986-1F5B-4EBD-9B17-8B41F8FABA58}.Debug|Any CPU.Build.0 = Debug|Any CPU
		{7A7A7986-1F5B-4EBD-9B17-8B41F8FABA58}.Release|Any CPU.ActiveCfg = Release|Any CPU
		{7A7A7986-1F5B-4EBD-9B17-8B41F8FABA58}.Release|Any CPU.Build.0 = Release|Any CPU
		{4D39C126-3FB5-4B26-B08C-1BF48EFFA23E}.Debug|Any CPU.ActiveCfg = Debug|Any CPU
		{4D39C126-3FB5-4B26-B08C-1BF48EFFA23E}.Debug|Any CPU.Build.0 = Debug|Any CPU
		{4D39C126-3FB5-4B26-B08C-1BF48EFFA23E}.Release|Any CPU.ActiveCfg = Release|Any CPU
		{4D39C126-3FB5-4B26-B08C-1BF48EFFA23E}.Release|Any CPU.Build.0 = Release|Any CPU
		{415FD7FA-0453-4FE1-9A29-C6E1D8B45C3D}.Debug|Any CPU.ActiveCfg = Debug|Any CPU
		{415FD7FA-0453-4FE1-9A29-C6E1D8B45C3D}.Debug|Any CPU.Build.0 = Debug|Any CPU
		{415FD7FA-0453-4FE1-9A29-C6E1D8B45C3D}.Release|Any CPU.ActiveCfg = Release|Any CPU
		{415FD7FA-0453-4FE1-9A29-C6E1D8B45C3D}.Release|Any CPU.Build.0 = Release|Any CPU
		{8AB6B92A-0837-4BDE-B950-10BE3FF2B6A8}.Debug|Any CPU.ActiveCfg = Debug|Any CPU
		{8AB6B92A-0837-4BDE-B950-10BE3FF2B6A8}.Debug|Any CPU.Build.0 = Debug|Any CPU
		{8AB6B92A-0837-4BDE-B950-10BE3FF2B6A8}.Release|Any CPU.ActiveCfg = Release|Any CPU
		{8AB6B92A-0837-4BDE-B950-10BE3FF2B6A8}.Release|Any CPU.Build.0 = Release|Any CPU
		{901AB2DA-6E52-4FB2-91F0-58EB0115F2F7}.Debug|Any CPU.ActiveCfg = Debug|Any CPU
		{901AB2DA-6E52-4FB2-91F0-58EB0115F2F7}.Debug|Any CPU.Build.0 = Debug|Any CPU
		{901AB2DA-6E52-4FB2-91F0-58EB0115F2F7}.Release|Any CPU.ActiveCfg = Release|Any CPU
		{901AB2DA-6E52-4FB2-91F0-58EB0115F2F7}.Release|Any CPU.Build.0 = Release|Any CPU
		{3EE06C6E-C8F3-418A-A309-8AC81976A074}.Debug|Any CPU.ActiveCfg = Debug|Any CPU
		{3EE06C6E-C8F3-418A-A309-8AC81976A074}.Debug|Any CPU.Build.0 = Debug|Any CPU
		{3EE06C6E-C8F3-418A-A309-8AC81976A074}.Release|Any CPU.ActiveCfg = Release|Any CPU
		{3EE06C6E-C8F3-418A-A309-8AC81976A074}.Release|Any CPU.Build.0 = Release|Any CPU
		{13B7AACB-9C85-4409-8D4B-95A67D0DFFF7}.Debug|Any CPU.ActiveCfg = Debug|Any CPU
		{13B7AACB-9C85-4409-8D4B-95A67D0DFFF7}.Debug|Any CPU.Build.0 = Debug|Any CPU
		{13B7AACB-9C85-4409-8D4B-95A67D0DFFF7}.Release|Any CPU.ActiveCfg = Release|Any CPU
		{13B7AACB-9C85-4409-8D4B-95A67D0DFFF7}.Release|Any CPU.Build.0 = Release|Any CPU
		{050B8221-19D7-4631-A48B-072F2C5EE4F1}.Debug|Any CPU.ActiveCfg = Debug|Any CPU
		{050B8221-19D7-4631-A48B-072F2C5EE4F1}.Debug|Any CPU.Build.0 = Debug|Any CPU
		{050B8221-19D7-4631-A48B-072F2C5EE4F1}.Release|Any CPU.ActiveCfg = Release|Any CPU
		{050B8221-19D7-4631-A48B-072F2C5EE4F1}.Release|Any CPU.Build.0 = Release|Any CPU
		{B8A456F5-A9BE-4579-842D-CC893BACED05}.Debug|Any CPU.ActiveCfg = Debug|Any CPU
		{B8A456F5-A9BE-4579-842D-CC893BACED05}.Debug|Any CPU.Build.0 = Debug|Any CPU
		{B8A456F5-A9BE-4579-842D-CC893BACED05}.Release|Any CPU.ActiveCfg = Release|Any CPU
		{B8A456F5-A9BE-4579-842D-CC893BACED05}.Release|Any CPU.Build.0 = Release|Any CPU
		{B0E6A8C1-4463-4698-9263-67C66BA9A8D3}.Debug|Any CPU.ActiveCfg = Debug|Any CPU
		{B0E6A8C1-4463-4698-9263-67C66BA9A8D3}.Debug|Any CPU.Build.0 = Debug|Any CPU
		{B0E6A8C1-4463-4698-9263-67C66BA9A8D3}.Release|Any CPU.ActiveCfg = Release|Any CPU
		{B0E6A8C1-4463-4698-9263-67C66BA9A8D3}.Release|Any CPU.Build.0 = Release|Any CPU
	EndGlobalSection
	GlobalSection(SolutionProperties) = preSolution
		HideSolutionNode = FALSE
	EndGlobalSection
	GlobalSection(NestedProjects) = preSolution
		{B90D1067-FE4C-400E-BA78-5413E30AB9ED} = {E389DEB6-5F90-444B-A054-12A10D39C76F}
		{43FDC0C4-F250-45DE-93F8-3CA8A9247CC9} = {516E002B-9E6E-4456-B7F6-EAA353966DE6}
		{4B844ECB-E845-49A6-8B31-85E577933598} = {ACBE44C4-E198-45E2-BA02-6655250A0006}
		{D0D59508-CF8B-4656-A344-396C530BB9DF} = {ACBE44C4-E198-45E2-BA02-6655250A0006}
		{7A7A7986-1F5B-4EBD-9B17-8B41F8FABA58} = {E389DEB6-5F90-444B-A054-12A10D39C76F}
		{4D39C126-3FB5-4B26-B08C-1BF48EFFA23E} = {516E002B-9E6E-4456-B7F6-EAA353966DE6}
		{415FD7FA-0453-4FE1-9A29-C6E1D8B45C3D} = {516E002B-9E6E-4456-B7F6-EAA353966DE6}
		{8AB6B92A-0837-4BDE-B950-10BE3FF2B6A8} = {7A731632-6714-44E2-A9E4-069EBA9E666C}
		{901AB2DA-6E52-4FB2-91F0-58EB0115F2F7} = {7A731632-6714-44E2-A9E4-069EBA9E666C}
		{3EE06C6E-C8F3-418A-A309-8AC81976A074} = {7A731632-6714-44E2-A9E4-069EBA9E666C}
		{13B7AACB-9C85-4409-8D4B-95A67D0DFFF7} = {E389DEB6-5F90-444B-A054-12A10D39C76F}
		{050B8221-19D7-4631-A48B-072F2C5EE4F1} = {95933EE5-62C1-4E86-A14C-A5B9F4CCC8E6}
		{B8A456F5-A9BE-4579-842D-CC893BACED05} = {516E002B-9E6E-4456-B7F6-EAA353966DE6}
		{B0E6A8C1-4463-4698-9263-67C66BA9A8D3} = {95933EE5-62C1-4E86-A14C-A5B9F4CCC8E6}
	EndGlobalSection
	GlobalSection(ExtensibilityGlobals) = postSolution
		SolutionGuid = {384484BE-4680-4529-9CC2-AD37BA4D12D1}
	EndGlobalSection
EndGlobal
